# This file is automatically @generated by Cargo.
# It is not intended for manual editing.
version = 3

[[package]]
name = "catch_std_exception"
version = "0.1.0"
dependencies = [
 "libc",
 "unwinding",
]

[[package]]
name = "compiler_builtins"
version = "0.1.112"
source = "registry+https://github.com/rust-lang/crates.io-index"
checksum = "b15acab2bb4fe4dad1f1e31f3d9e714f50ef561a0f87dd8a9da004f14d455e1a"

[[package]]
name = "gimli"
version = "0.30.0"
source = "registry+https://github.com/rust-lang/crates.io-index"
checksum = "e2e1d97fbe9722ba9bbd0c97051c2956e726562b61f86a25a4360398a40edfc9"
dependencies = [
 "compiler_builtins",
 "rustc-std-workspace-alloc",
 "rustc-std-workspace-core",
]

[[package]]
name = "libc"
version = "0.2.155"
source = "registry+https://github.com/rust-lang/crates.io-index"
checksum = "97b3888a4aecf77e811145cadf6eef5901f4782c53886191b2f693f24761847c"

[[package]]
name = "rustc-std-workspace-alloc"
version = "1.0.0"
source = "registry+https://github.com/rust-lang/crates.io-index"
checksum = "ff66d57013a5686e1917ed6a025d54dd591fcda71a41fe07edf4d16726aefa86"

[[package]]
name = "rustc-std-workspace-core"
version = "1.0.0"
source = "registry+https://github.com/rust-lang/crates.io-index"
checksum = "1956f5517128a2b6f23ab2dadf1a976f4f5b27962e7724c2bf3d45e539ec098c"

[[package]]
name = "spin"
version = "0.9.8"
source = "registry+https://github.com/rust-lang/crates.io-index"
checksum = "6980e8d7511241f8acf4aebddbb1ff938df5eebe98691418c4468d0b72a96a67"

[[package]]
name = "std_catch_exception"
version = "0.1.0"
dependencies = [
 "libc",
 "unwinding",
]

[[package]]
name = "throw_and_catch"
version = "0.1.0"
dependencies = [
 "libc",
 "unwinding",
]

[[package]]
name = "unwinding"
version = "0.2.2"
dependencies = [
 "compiler_builtins",
 "gimli",
 "libc",
 "rustc-std-workspace-core",
 "spin",
]

[[package]]
name = "unwinding_dyn"
version = "0.1.0"
dependencies = [
 "libc",
 "unwinding",
]
